{
  "name": "benchmark",
  "version": "1.0.0",
  "lockfileVersion": 2,
  "requires": true,
  "packages": {
    "": {
      "name": "benchmark",
      "version": "1.0.0",
      "license": "MIT",
      "dependencies": {
        "@asanrom/async-tools": "2.1.0",
        "dotenv": "16.4.7",
        "pidusage": "4.0.0"
      }
    },
    "node_modules/@asanrom/async-tools": {
      "version": "2.1.0",
      "resolved": "https://registry.npmjs.org/@asanrom/async-tools/-/async-tools-2.1.0.tgz",
      "integrity": "sha512-Tmjg3B0QEzgw3RwiSWtp6zkW4YcW82WItiriwtrInP3zrlqwJdPfkVDag8Aq3sXbMeRlSEKma5+Qq+DN8MFOSg==",
      "engines": {
        "node": ">= 16.0.0"
      }
    },
    "node_modules/dotenv": {
      "version": "16.4.7",
      "resolved": "https://registry.npmjs.org/dotenv/-/dotenv-16.4.7.tgz",
      "integrity": "sha512-47qPchRCykZC03FhkYAhrvwU4xDBFIj1QPqaarj6mdM/hgUzfPHcpkHJOn3mJAufFeeAxAzeGsr5X0M4k6fLZQ==",
      "engines": {
        "node": ">=12"
      },
      "funding": {
        "url": "https://dotenvx.com"
      }
    },
    "node_modules/pidusage": {
      "version": "4.0.0",
      "resolved": "https://registry.npmjs.org/pidusage/-/pidusage-4.0.0.tgz",
      "integrity": "sha512-89hVJc5gq157puLYZaO3CH0qfGyDfbDG1KFCE4lCSwK0l1EuEbNa4pIJJXL93ltU5SsYia/DHJUgMY2qE4XRQg==",
      "dependencies": {
        "safe-buffer": "^5.2.1"
      },
      "engines": {
        "node": ">=18"
      }
    },
    "node_modules/safe-buffer": {
      "version": "5.2.1",
      "resolved": "https://registry.npmjs.org/safe-buffer/-/safe-buffer-5.2.1.tgz",
      "integrity": "sha512-rp3So07KcdmmKbGvgaNxQSJr7bGVSVk5S9Eq1F+ppbRo70+YeaDxkw5Dd8NPN+GD6bjnYm2VuPuCXmpuYvmCXQ==",
      "funding": [
        {
          "type": "github",
          "url": "https://github.com/sponsors/feross"
        },
        {
          "type": "patreon",
          "url": "https://www.patreon.com/feross"
        },
        {
          "type": "consulting",
          "url": "https://feross.org/support"
        }
      ]
    }
  },
  "dependencies": {
    "@asanrom/async-tools": {
      "version": "2.1.0",
      "resolved": "https://registry.npmjs.org/@asanrom/async-tools/-/async-tools-2.1.0.tgz",
      "integrity": "sha512-Tmjg3B0QEzgw3RwiSWtp6zkW4YcW82WItiriwtrInP3zrlqwJdPfkVDag8Aq3sXbMeRlSEKma5+Qq+DN8MFOSg=="
    },
    "dotenv": {
      "version": "16.4.7",
      "resolved": "https://registry.npmjs.org/dotenv/-/dotenv-16.4.7.tgz",
      "integrity": "sha512-47qPchRCykZC03FhkYAhrvwU4xDBFIj1QPqaarj6mdM/hgUzfPHcpkHJOn3mJAufFeeAxAzeGsr5X0M4k6fLZQ=="
    },
    "pidusage": {
      "version": "4.0.0",
      "resolved": "https://registry.npmjs.org/pidusage/-/pidusage-4.0.0.tgz",
      "integrity": "sha512-89hVJc5gq157puLYZaO3CH0qfGyDfbDG1KFCE4lCSwK0l1EuEbNa4pIJJXL93ltU5SsYia/DHJUgMY2qE4XRQg==",
      "requires": {
        "safe-buffer": "^5.2.1"
      }
    },
    "safe-buffer": {
      "version": "5.2.1",
      "resolved": "https://registry.npmjs.org/safe-buffer/-/safe-buffer-5.2.1.tgz",
      "integrity": "sha512-rp3So07KcdmmKbGvgaNxQSJr7bGVSVk5S9Eq1F+ppbRo70+YeaDxkw5Dd8NPN+GD6bjnYm2VuPuCXmpuYvmCXQ=="
    }
  }
}
